PODS:
  - Hero (1.6.2)
  - Kingfisher (7.1.1)
  - lottie-ios (3.2.3)
  - RxCocoa (6.2.0):
    - RxRelay (= 6.2.0)
    - RxSwift (= 6.2.0)
  - RxRelay (6.2.0):
    - RxSwift (= 6.2.0)
  - RxSwift (6.2.0)

DEPENDENCIES:
  - Hero
  - Kingfisher (~> 7.0)
  - lottie-ios
  - RxCocoa
  - RxSwift

SPEC REPOS:
  trunk:
    - Hero
    - Kingfisher
    - lottie-ios
    - RxCocoa
    - RxRelay
    - RxSwift

SPEC CHECKSUMS:
  Hero: c69009dbc9e2f0472e081adc644dba05fcedae72
  Kingfisher: f738f9c4a3415823b8e2985d10aa2d6a9f37bc4d
  lottie-ios: c058aeafa76daa4cf64d773554bccc8385d0150e
  RxCocoa: 4baf94bb35f2c0ab31bc0cb9f1900155f646ba42
  RxRelay: e72dbfd157807478401ef1982e1c61c945c94b2f
  RxSwift: d356ab7bee873611322f134c5f9ef379fa183d8f

PODFILE CHECKSUM: 1de06299c5e11f72f701ed7affce0b97a1d15b8b

COCOAPODS: 1.11.3
