// !$*UTF8*$!
{
	archiveVersion = 1;
	classes = {
	};
	objectVersion = 56;
	objects = {

/* Begin PBXBuildFile section */
		42A5808D2924F29600C5A317 /* AppDelegate.swift in Sources */ = {isa = PBXBuildFile; fileRef = 42A5808C2924F29600C5A317 /* AppDelegate.swift */; };
		42A5808F2924F29600C5A317 /* SceneDelegate.swift in Sources */ = {isa = PBXBuildFile; fileRef = 42A5808E2924F29600C5A317 /* SceneDelegate.swift */; };
		42A580912924F29600C5A317 /* ImageGridViewController.swift in Sources */ = {isa = PBXBuildFile; fileRef = 42A580902924F29600C5A317 /* ImageGridViewController.swift */; };
		42A580942924F29600C5A317 /* Main.storyboard in Resources */ = {isa = PBXBuildFile; fileRef = 42A580922924F29600C5A317 /* Main.storyboard */; };
		42A580962924F29700C5A317 /* Assets.xcassets in Resources */ = {isa = PBXBuildFile; fileRef = 42A580952924F29700C5A317 /* Assets.xcassets */; };
		42A580992924F29700C5A317 /* LaunchScreen.storyboard in Resources */ = {isa = PBXBuildFile; fileRef = 42A580972924F29700C5A317 /* LaunchScreen.storyboard */; };
		42A580A42924F29700C5A317 /* ObviousTestTests.swift in Sources */ = {isa = PBXBuildFile; fileRef = 42A580A32924F29700C5A317 /* ObviousTestTests.swift */; };
		42A580AE2924F29700C5A317 /* ObviousTestUITests.swift in Sources */ = {isa = PBXBuildFile; fileRef = 42A580AD2924F29700C5A317 /* ObviousTestUITests.swift */; };
		42A580B02924F29700C5A317 /* ObviousTestUITestsLaunchTests.swift in Sources */ = {isa = PBXBuildFile; fileRef = 42A580AF2924F29700C5A317 /* ObviousTestUITestsLaunchTests.swift */; };
		42A580C22924FAC400C5A317 /* ImageGridCollectionViewCell.swift in Sources */ = {isa = PBXBuildFile; fileRef = 42A580C02924FAC400C5A317 /* ImageGridCollectionViewCell.swift */; };
		42A580C32924FAC400C5A317 /* ImageGridCollectionViewCell.xib in Resources */ = {isa = PBXBuildFile; fileRef = 42A580C12924FAC400C5A317 /* ImageGridCollectionViewCell.xib */; };
		42A580C62924FB6300C5A317 /* ReusableView.swift in Sources */ = {isa = PBXBuildFile; fileRef = 42A580C52924FB6300C5A317 /* ReusableView.swift */; };
		42A580C92924FE1100C5A317 /* AppConstants.swift in Sources */ = {isa = PBXBuildFile; fileRef = 42A580C82924FE1100C5A317 /* AppConstants.swift */; };
		42A580CB2924FF3A00C5A317 /* ImageGridViewModel.swift in Sources */ = {isa = PBXBuildFile; fileRef = 42A580CA2924FF3A00C5A317 /* ImageGridViewModel.swift */; };
		42A580CF2924FFB300C5A317 /* APIRequest.swift in Sources */ = {isa = PBXBuildFile; fileRef = 42A580CE2924FFB300C5A317 /* APIRequest.swift */; };
		42A580D12925000900C5A317 /* ImageGridAPIRequest.swift in Sources */ = {isa = PBXBuildFile; fileRef = 42A580D02925000800C5A317 /* ImageGridAPIRequest.swift */; };
		42A580D42925008300C5A317 /* APIOperation.swift in Sources */ = {isa = PBXBuildFile; fileRef = 42A580D32925008200C5A317 /* APIOperation.swift */; };
		42A580D7292500A200C5A317 /* ImageGridModels.swift in Sources */ = {isa = PBXBuildFile; fileRef = 42A580D6292500A200C5A317 /* ImageGridModels.swift */; };
		42A580D9292501B500C5A317 /* APIOperationSession.swift in Sources */ = {isa = PBXBuildFile; fileRef = 42A580D8292501B500C5A317 /* APIOperationSession.swift */; };
		54F4FE6C7D526EF94FF7E1FA /* Pods_ObviousTestTests.framework in Frameworks */ = {isa = PBXBuildFile; fileRef = A2BB89150B36A25087396B7B /* Pods_ObviousTestTests.framework */; };
		6569E51A5E76823A0A32337B /* Pods_ObviousTest_ObviousTestUITests.framework in Frameworks */ = {isa = PBXBuildFile; fileRef = C5DDC9B1FF18AE132A206D81 /* Pods_ObviousTest_ObviousTestUITests.framework */; };
		6820B69C21A692D64FC2F6A8 /* Pods_ObviousTest.framework in Frameworks */ = {isa = PBXBuildFile; fileRef = 86FE4657BD2B7D5F81339311 /* Pods_ObviousTest.framework */; };
/* End PBXBuildFile section */

/* Begin PBXContainerItemProxy section */
		42A580A02924F29700C5A317 /* PBXContainerItemProxy */ = {
			isa = PBXContainerItemProxy;
			containerPortal = 42A580812924F29500C5A317 /* Project object */;
			proxyType = 1;
			remoteGlobalIDString = 42A580882924F29600C5A317;
			remoteInfo = ObviousTest;
		};
		42A580AA2924F29700C5A317 /* PBXContainerItemProxy */ = {
			isa = PBXContainerItemProxy;
			containerPortal = 42A580812924F29500C5A317 /* Project object */;
			proxyType = 1;
			remoteGlobalIDString = 42A580882924F29600C5A317;
			remoteInfo = ObviousTest;
		};
/* End PBXContainerItemProxy section */

/* Begin PBXFileReference section */
		083AF6B9A948D0BCDA487151 /* Pods-ObviousTest-ObviousTestUITests.debug.xcconfig */ = {isa = PBXFileReference; includeInIndex = 1; lastKnownFileType = text.xcconfig; name = "Pods-ObviousTest-ObviousTestUITests.debug.xcconfig"; path = "Target Support Files/Pods-ObviousTest-ObviousTestUITests/Pods-ObviousTest-ObviousTestUITests.debug.xcconfig"; sourceTree = "<group>"; };
		0891DB0E40C34B77CF96CA83 /* Pods-ObviousTest-ObviousTestUITests.release.xcconfig */ = {isa = PBXFileReference; includeInIndex = 1; lastKnownFileType = text.xcconfig; name = "Pods-ObviousTest-ObviousTestUITests.release.xcconfig"; path = "Target Support Files/Pods-ObviousTest-ObviousTestUITests/Pods-ObviousTest-ObviousTestUITests.release.xcconfig"; sourceTree = "<group>"; };
		33AC8BB0B5715A3D441C82CD /* Pods-ObviousTestTests.release.xcconfig */ = {isa = PBXFileReference; includeInIndex = 1; lastKnownFileType = text.xcconfig; name = "Pods-ObviousTestTests.release.xcconfig"; path = "Target Support Files/Pods-ObviousTestTests/Pods-ObviousTestTests.release.xcconfig"; sourceTree = "<group>"; };
		3C663FE4CF950AE0C53CFE51 /* Pods-ObviousTestTests.debug.xcconfig */ = {isa = PBXFileReference; includeInIndex = 1; lastKnownFileType = text.xcconfig; name = "Pods-ObviousTestTests.debug.xcconfig"; path = "Target Support Files/Pods-ObviousTestTests/Pods-ObviousTestTests.debug.xcconfig"; sourceTree = "<group>"; };
		424C41C00D2DD6441B8909B4 /* Pods-ObviousTest.release.xcconfig */ = {isa = PBXFileReference; includeInIndex = 1; lastKnownFileType = text.xcconfig; name = "Pods-ObviousTest.release.xcconfig"; path = "Target Support Files/Pods-ObviousTest/Pods-ObviousTest.release.xcconfig"; sourceTree = "<group>"; };
		42A580892924F29600C5A317 /* ObviousTest.app */ = {isa = PBXFileReference; explicitFileType = wrapper.application; includeInIndex = 0; path = ObviousTest.app; sourceTree = BUILT_PRODUCTS_DIR; };
		42A5808C2924F29600C5A317 /* AppDelegate.swift */ = {isa = PBXFileReference; lastKnownFileType = sourcecode.swift; path = AppDelegate.swift; sourceTree = "<group>"; };
		42A5808E2924F29600C5A317 /* SceneDelegate.swift */ = {isa = PBXFileReference; lastKnownFileType = sourcecode.swift; path = SceneDelegate.swift; sourceTree = "<group>"; };
		42A580902924F29600C5A317 /* ImageGridViewController.swift */ = {isa = PBXFileReference; lastKnownFileType = sourcecode.swift; path = ImageGridViewController.swift; sourceTree = "<group>"; };
		42A580932924F29600C5A317 /* Base */ = {isa = PBXFileReference; lastKnownFileType = file.storyboard; name = Base; path = Base.lproj/Main.storyboard; sourceTree = "<group>"; };
		42A580952924F29700C5A317 /* Assets.xcassets */ = {isa = PBXFileReference; lastKnownFileType = folder.assetcatalog; path = Assets.xcassets; sourceTree = "<group>"; };
		42A580982924F29700C5A317 /* Base */ = {isa = PBXFileReference; lastKnownFileType = file.storyboard; name = Base; path = Base.lproj/LaunchScreen.storyboard; sourceTree = "<group>"; };
		42A5809A2924F29700C5A317 /* Info.plist */ = {isa = PBXFileReference; lastKnownFileType = text.plist.xml; path = Info.plist; sourceTree = "<group>"; };
		42A5809F2924F29700C5A317 /* ObviousTestTests.xctest */ = {isa = PBXFileReference; explicitFileType = wrapper.cfbundle; includeInIndex = 0; path = ObviousTestTests.xctest; sourceTree = BUILT_PRODUCTS_DIR; };
		42A580A32924F29700C5A317 /* ObviousTestTests.swift */ = {isa = PBXFileReference; lastKnownFileType = sourcecode.swift; path = ObviousTestTests.swift; sourceTree = "<group>"; };
		42A580A92924F29700C5A317 /* ObviousTestUITests.xctest */ = {isa = PBXFileReference; explicitFileType = wrapper.cfbundle; includeInIndex = 0; path = ObviousTestUITests.xctest; sourceTree = BUILT_PRODUCTS_DIR; };
		42A580AD2924F29700C5A317 /* ObviousTestUITests.swift */ = {isa = PBXFileReference; lastKnownFileType = sourcecode.swift; path = ObviousTestUITests.swift; sourceTree = "<group>"; };
		42A580AF2924F29700C5A317 /* ObviousTestUITestsLaunchTests.swift */ = {isa = PBXFileReference; lastKnownFileType = sourcecode.swift; path = ObviousTestUITestsLaunchTests.swift; sourceTree = "<group>"; };
		42A580C02924FAC400C5A317 /* ImageGridCollectionViewCell.swift */ = {isa = PBXFileReference; lastKnownFileType = sourcecode.swift; path = ImageGridCollectionViewCell.swift; sourceTree = "<group>"; };
		42A580C12924FAC400C5A317 /* ImageGridCollectionViewCell.xib */ = {isa = PBXFileReference; lastKnownFileType = file.xib; path = ImageGridCollectionViewCell.xib; sourceTree = "<group>"; };
		42A580C52924FB6300C5A317 /* ReusableView.swift */ = {isa = PBXFileReference; lastKnownFileType = sourcecode.swift; path = ReusableView.swift; sourceTree = "<group>"; };
		42A580C82924FE1100C5A317 /* AppConstants.swift */ = {isa = PBXFileReference; lastKnownFileType = sourcecode.swift; path = AppConstants.swift; sourceTree = "<group>"; };
		42A580CA2924FF3A00C5A317 /* ImageGridViewModel.swift */ = {isa = PBXFileReference; lastKnownFileType = sourcecode.swift; path = ImageGridViewModel.swift; sourceTree = "<group>"; };
		42A580CE2924FFB300C5A317 /* APIRequest.swift */ = {isa = PBXFileReference; lastKnownFileType = sourcecode.swift; path = APIRequest.swift; sourceTree = "<group>"; };
		42A580D02925000800C5A317 /* ImageGridAPIRequest.swift */ = {isa = PBXFileReference; lastKnownFileType = sourcecode.swift; path = ImageGridAPIRequest.swift; sourceTree = "<group>"; };
		42A580D32925008200C5A317 /* APIOperation.swift */ = {isa = PBXFileReference; lastKnownFileType = sourcecode.swift; path = APIOperation.swift; sourceTree = "<group>"; };
		42A580D6292500A200C5A317 /* ImageGridModels.swift */ = {isa = PBXFileReference; lastKnownFileType = sourcecode.swift; path = ImageGridModels.swift; sourceTree = "<group>"; };
		42A580D8292501B500C5A317 /* APIOperationSession.swift */ = {isa = PBXFileReference; lastKnownFileType = sourcecode.swift; path = APIOperationSession.swift; sourceTree = "<group>"; };
		86FE4657BD2B7D5F81339311 /* Pods_ObviousTest.framework */ = {isa = PBXFileReference; explicitFileType = wrapper.framework; includeInIndex = 0; path = Pods_ObviousTest.framework; sourceTree = BUILT_PRODUCTS_DIR; };
		A2BB89150B36A25087396B7B /* Pods_ObviousTestTests.framework */ = {isa = PBXFileReference; explicitFileType = wrapper.framework; includeInIndex = 0; path = Pods_ObviousTestTests.framework; sourceTree = BUILT_PRODUCTS_DIR; };
		C5DDC9B1FF18AE132A206D81 /* Pods_ObviousTest_ObviousTestUITests.framework */ = {isa = PBXFileReference; explicitFileType = wrapper.framework; includeInIndex = 0; path = Pods_ObviousTest_ObviousTestUITests.framework; sourceTree = BUILT_PRODUCTS_DIR; };
		D263B50D2A168DE61A5FE163 /* Pods-ObviousTest.debug.xcconfig */ = {isa = PBXFileReference; includeInIndex = 1; lastKnownFileType = text.xcconfig; name = "Pods-ObviousTest.debug.xcconfig"; path = "Target Support Files/Pods-ObviousTest/Pods-ObviousTest.debug.xcconfig"; sourceTree = "<group>"; };
/* End PBXFileReference section */

/* Begin PBXFrameworksBuildPhase section */
		42A580862924F29600C5A317 /* Frameworks */ = {
			isa = PBXFrameworksBuildPhase;
			buildActionMask = 2147483647;
			files = (
				6820B69C21A692D64FC2F6A8 /* Pods_ObviousTest.framework in Frameworks */,
			);
			runOnlyForDeploymentPostprocessing = 0;
		};
		42A5809C2924F29700C5A317 /* Frameworks */ = {
			isa = PBXFrameworksBuildPhase;
			buildActionMask = 2147483647;
			files = (
				54F4FE6C7D526EF94FF7E1FA /* Pods_ObviousTestTests.framework in Frameworks */,
			);
			runOnlyForDeploymentPostprocessing = 0;
		};
		42A580A62924F29700C5A317 /* Frameworks */ = {
			isa = PBXFrameworksBuildPhase;
			buildActionMask = 2147483647;
			files = (
				6569E51A5E76823A0A32337B /* Pods_ObviousTest_ObviousTestUITests.framework in Frameworks */,
			);
			runOnlyForDeploymentPostprocessing = 0;
		};
/* End PBXFrameworksBuildPhase section */

/* Begin PBXGroup section */
		42A580802924F29500C5A317 = {
			isa = PBXGroup;
			children = (
				42A5808B2924F29600C5A317 /* ObviousTest */,
				42A580A22924F29700C5A317 /* ObviousTestTests */,
				42A580AC2924F29700C5A317 /* ObviousTestUITests */,
				42A5808A2924F29600C5A317 /* Products */,
				5A4FE9A481EC56E28395F0C8 /* Pods */,
				DF4ED23CF83EA2A219A562D9 /* Frameworks */,
			);
			sourceTree = "<group>";
		};
		42A5808A2924F29600C5A317 /* Products */ = {
			isa = PBXGroup;
			children = (
				42A580892924F29600C5A317 /* ObviousTest.app */,
				42A5809F2924F29700C5A317 /* ObviousTestTests.xctest */,
				42A580A92924F29700C5A317 /* ObviousTestUITests.xctest */,
			);
			name = Products;
			sourceTree = "<group>";
		};
		42A5808B2924F29600C5A317 /* ObviousTest */ = {
			isa = PBXGroup;
			children = (
				42A580CC2924FF6500C5A317 /* Network */,
				42A580C72924FDD100C5A317 /* Utils */,
				42A580BE2924FA7D00C5A317 /* Views */,
				42A580BC2924F8EA00C5A317 /* Screens */,
				42A5808C2924F29600C5A317 /* AppDelegate.swift */,
				42A5808E2924F29600C5A317 /* SceneDelegate.swift */,
				42A580922924F29600C5A317 /* Main.storyboard */,
				42A580952924F29700C5A317 /* Assets.xcassets */,
				42A580972924F29700C5A317 /* LaunchScreen.storyboard */,
				42A5809A2924F29700C5A317 /* Info.plist */,
			);
			path = ObviousTest;
			sourceTree = "<group>";
		};
		42A580A22924F29700C5A317 /* ObviousTestTests */ = {
			isa = PBXGroup;
			children = (
				42A580A32924F29700C5A317 /* ObviousTestTests.swift */,
			);
			path = ObviousTestTests;
			sourceTree = "<group>";
		};
		42A580AC2924F29700C5A317 /* ObviousTestUITests */ = {
			isa = PBXGroup;
			children = (
				42A580AD2924F29700C5A317 /* ObviousTestUITests.swift */,
				42A580AF2924F29700C5A317 /* ObviousTestUITestsLaunchTests.swift */,
			);
			path = ObviousTestUITests;
			sourceTree = "<group>";
		};
		42A580BC2924F8EA00C5A317 /* Screens */ = {
			isa = PBXGroup;
			children = (
				42A580BD2924F8FB00C5A317 /* ImageGrid */,
			);
			path = Screens;
			sourceTree = "<group>";
		};
		42A580BD2924F8FB00C5A317 /* ImageGrid */ = {
			isa = PBXGroup;
			children = (
				42A580902924F29600C5A317 /* ImageGridViewController.swift */,
				42A580CA2924FF3A00C5A317 /* ImageGridViewModel.swift */,
			);
			path = ImageGrid;
			sourceTree = "<group>";
		};
		42A580BE2924FA7D00C5A317 /* Views */ = {
			isa = PBXGroup;
			children = (
				42A580C42924FB0200C5A317 /* Protocols */,
				42A580BF2924FA8700C5A317 /* CollectionViewCells */,
			);
			path = Views;
			sourceTree = "<group>";
		};
		42A580BF2924FA8700C5A317 /* CollectionViewCells */ = {
			isa = PBXGroup;
			children = (
				42A580C02924FAC400C5A317 /* ImageGridCollectionViewCell.swift */,
				42A580C12924FAC400C5A317 /* ImageGridCollectionViewCell.xib */,
			);
			path = CollectionViewCells;
			sourceTree = "<group>";
		};
		42A580C42924FB0200C5A317 /* Protocols */ = {
			isa = PBXGroup;
			children = (
				42A580C52924FB6300C5A317 /* ReusableView.swift */,
			);
			path = Protocols;
			sourceTree = "<group>";
		};
		42A580C72924FDD100C5A317 /* Utils */ = {
			isa = PBXGroup;
			children = (
				42A580C82924FE1100C5A317 /* AppConstants.swift */,
			);
			path = Utils;
			sourceTree = "<group>";
		};
		42A580CC2924FF6500C5A317 /* Network */ = {
			isa = PBXGroup;
			children = (
				42A580D52925008700C5A317 /* APIModels */,
				42A580D22925006C00C5A317 /* APIOperations */,
				42A580CD2924FF7300C5A317 /* APIRequests */,
				42A580D8292501B500C5A317 /* APIOperationSession.swift */,
			);
			path = Network;
			sourceTree = "<group>";
		};
		42A580CD2924FF7300C5A317 /* APIRequests */ = {
			isa = PBXGroup;
			children = (
				42A580CE2924FFB300C5A317 /* APIRequest.swift */,
				42A580D02925000800C5A317 /* ImageGridAPIRequest.swift */,
			);
			path = APIRequests;
			sourceTree = "<group>";
		};
		42A580D22925006C00C5A317 /* APIOperations */ = {
			isa = PBXGroup;
			children = (
				42A580D32925008200C5A317 /* APIOperation.swift */,
			);
			path = APIOperations;
			sourceTree = "<group>";
		};
		42A580D52925008700C5A317 /* APIModels */ = {
			isa = PBXGroup;
			children = (
				42A580D6292500A200C5A317 /* ImageGridModels.swift */,
			);
			path = APIModels;
			sourceTree = "<group>";
		};
		5A4FE9A481EC56E28395F0C8 /* Pods */ = {
			isa = PBXGroup;
			children = (
				D263B50D2A168DE61A5FE163 /* Pods-ObviousTest.debug.xcconfig */,
				424C41C00D2DD6441B8909B4 /* Pods-ObviousTest.release.xcconfig */,
				083AF6B9A948D0BCDA487151 /* Pods-ObviousTest-ObviousTestUITests.debug.xcconfig */,
				0891DB0E40C34B77CF96CA83 /* Pods-ObviousTest-ObviousTestUITests.release.xcconfig */,
				3C663FE4CF950AE0C53CFE51 /* Pods-ObviousTestTests.debug.xcconfig */,
				33AC8BB0B5715A3D441C82CD /* Pods-ObviousTestTests.release.xcconfig */,
			);
			name = Pods;
			path = Pods;
			sourceTree = "<group>";
		};
		DF4ED23CF83EA2A219A562D9 /* Frameworks */ = {
			isa = PBXGroup;
			children = (
				86FE4657BD2B7D5F81339311 /* Pods_ObviousTest.framework */,
				C5DDC9B1FF18AE132A206D81 /* Pods_ObviousTest_ObviousTestUITests.framework */,
				A2BB89150B36A25087396B7B /* Pods_ObviousTestTests.framework */,
			);
			name = Frameworks;
			sourceTree = "<group>";
		};
/* End PBXGroup section */

/* Begin PBXNativeTarget section */
		42A580882924F29600C5A317 /* ObviousTest */ = {
			isa = PBXNativeTarget;
			buildConfigurationList = 42A580B32924F29700C5A317 /* Build configuration list for PBXNativeTarget "ObviousTest" */;
			buildPhases = (
				F7AD9301920CC4503CF72A31 /* [CP] Check Pods Manifest.lock */,
				42A580852924F29600C5A317 /* Sources */,
				42A580862924F29600C5A317 /* Frameworks */,
				42A580872924F29600C5A317 /* Resources */,
				6C755DE2EAECA026003B1A4B /* [CP] Embed Pods Frameworks */,
			);
			buildRules = (
			);
			dependencies = (
			);
			name = ObviousTest;
			productName = ObviousTest;
			productReference = 42A580892924F29600C5A317 /* ObviousTest.app */;
			productType = "com.apple.product-type.application";
		};
		42A5809E2924F29700C5A317 /* ObviousTestTests */ = {
			isa = PBXNativeTarget;
			buildConfigurationList = 42A580B62924F29700C5A317 /* Build configuration list for PBXNativeTarget "ObviousTestTests" */;
			buildPhases = (
				36D6842DC3EE12CBECD54B13 /* [CP] Check Pods Manifest.lock */,
				42A5809B2924F29700C5A317 /* Sources */,
				42A5809C2924F29700C5A317 /* Frameworks */,
				42A5809D2924F29700C5A317 /* Resources */,
			);
			buildRules = (
			);
			dependencies = (
				42A580A12924F29700C5A317 /* PBXTargetDependency */,
			);
			name = ObviousTestTests;
			productName = ObviousTestTests;
			productReference = 42A5809F2924F29700C5A317 /* ObviousTestTests.xctest */;
			productType = "com.apple.product-type.bundle.unit-test";
		};
		42A580A82924F29700C5A317 /* ObviousTestUITests */ = {
			isa = PBXNativeTarget;
			buildConfigurationList = 42A580B92924F29700C5A317 /* Build configuration list for PBXNativeTarget "ObviousTestUITests" */;
			buildPhases = (
				180C0511A9D072A1F6173399 /* [CP] Check Pods Manifest.lock */,
				42A580A52924F29700C5A317 /* Sources */,
				42A580A62924F29700C5A317 /* Frameworks */,
				42A580A72924F29700C5A317 /* Resources */,
				E1A5869F78C628F77747F810 /* [CP] Embed Pods Frameworks */,
			);
			buildRules = (
			);
			dependencies = (
				42A580AB2924F29700C5A317 /* PBXTargetDependency */,
			);
			name = ObviousTestUITests;
			productName = ObviousTestUITests;
			productReference = 42A580A92924F29700C5A317 /* ObviousTestUITests.xctest */;
			productType = "com.apple.product-type.bundle.ui-testing";
		};
/* End PBXNativeTarget section */

/* Begin PBXProject section */
		42A580812924F29500C5A317 /* Project object */ = {
			isa = PBXProject;
			attributes = {
				BuildIndependentTargetsInParallel = 1;
				LastSwiftUpdateCheck = 1400;
				LastUpgradeCheck = 1400;
				TargetAttributes = {
					42A580882924F29600C5A317 = {
						CreatedOnToolsVersion = 14.0.1;
					};
					42A5809E2924F29700C5A317 = {
						CreatedOnToolsVersion = 14.0.1;
						TestTargetID = 42A580882924F29600C5A317;
					};
					42A580A82924F29700C5A317 = {
						CreatedOnToolsVersion = 14.0.1;
						TestTargetID = 42A580882924F29600C5A317;
					};
				};
			};
			buildConfigurationList = 42A580842924F29500C5A317 /* Build configuration list for PBXProject "ObviousTest" */;
			compatibilityVersion = "Xcode 14.0";
			developmentRegion = en;
			hasScannedForEncodings = 0;
			knownRegions = (
				en,
				Base,
			);
			mainGroup = 42A580802924F29500C5A317;
			productRefGroup = 42A5808A2924F29600C5A317 /* Products */;
			projectDirPath = "";
			projectRoot = "";
			targets = (
				42A580882924F29600C5A317 /* ObviousTest */,
				42A5809E2924F29700C5A317 /* ObviousTestTests */,
				42A580A82924F29700C5A317 /* ObviousTestUITests */,
			);
		};
/* End PBXProject section */

/* Begin PBXResourcesBuildPhase section */
		42A580872924F29600C5A317 /* Resources */ = {
			isa = PBXResourcesBuildPhase;
			buildActionMask = 2147483647;
			files = (
				42A580C32924FAC400C5A317 /* ImageGridCollectionViewCell.xib in Resources */,
				42A580992924F29700C5A317 /* LaunchScreen.storyboard in Resources */,
				42A580962924F29700C5A317 /* Assets.xcassets in Resources */,
				42A580942924F29600C5A317 /* Main.storyboard in Resources */,
			);
			runOnlyForDeploymentPostprocessing = 0;
		};
		42A5809D2924F29700C5A317 /* Resources */ = {
			isa = PBXResourcesBuildPhase;
			buildActionMask = 2147483647;
			files = (
			);
			runOnlyForDeploymentPostprocessing = 0;
		};
		42A580A72924F29700C5A317 /* Resources */ = {
			isa = PBXResourcesBuildPhase;
			buildActionMask = 2147483647;
			files = (
			);
			runOnlyForDeploymentPostprocessing = 0;
		};
/* End PBXResourcesBuildPhase section */

/* Begin PBXShellScriptBuildPhase section */
		180C0511A9D072A1F6173399 /* [CP] Check Pods Manifest.lock */ = {
			isa = PBXShellScriptBuildPhase;
			buildActionMask = 2147483647;
			files = (
			);
			inputFileListPaths = (
			);
			inputPaths = (
				"${PODS_PODFILE_DIR_PATH}/Podfile.lock",
				"${PODS_ROOT}/Manifest.lock",
			);
			name = "[CP] Check Pods Manifest.lock";
			outputFileListPaths = (
			);
			outputPaths = (
				"$(DERIVED_FILE_DIR)/Pods-ObviousTest-ObviousTestUITests-checkManifestLockResult.txt",
			);
			runOnlyForDeploymentPostprocessing = 0;
			shellPath = /bin/sh;
			shellScript = "diff \"${PODS_PODFILE_DIR_PATH}/Podfile.lock\" \"${PODS_ROOT}/Manifest.lock\" > /dev/null\nif [ $? != 0 ] ; then\n    # print error to STDERR\n    echo \"error: The sandbox is not in sync with the Podfile.lock. Run 'pod install' or update your CocoaPods installation.\" >&2\n    exit 1\nfi\n# This output is used by Xcode 'outputs' to avoid re-running this script phase.\necho \"SUCCESS\" > \"${SCRIPT_OUTPUT_FILE_0}\"\n";
			showEnvVarsInLog = 0;
		};
		36D6842DC3EE12CBECD54B13 /* [CP] Check Pods Manifest.lock */ = {
			isa = PBXShellScriptBuildPhase;
			buildActionMask = 2147483647;
			files = (
			);
			inputFileListPaths = (
			);
			inputPaths = (
				"${PODS_PODFILE_DIR_PATH}/Podfile.lock",
				"${PODS_ROOT}/Manifest.lock",
			);
			name = "[CP] Check Pods Manifest.lock";
			outputFileListPaths = (
			);
			outputPaths = (
				"$(DERIVED_FILE_DIR)/Pods-ObviousTestTests-checkManifestLockResult.txt",
			);
			runOnlyForDeploymentPostprocessing = 0;
			shellPath = /bin/sh;
			shellScript = "diff \"${PODS_PODFILE_DIR_PATH}/Podfile.lock\" \"${PODS_ROOT}/Manifest.lock\" > /dev/null\nif [ $? != 0 ] ; then\n    # print error to STDERR\n    echo \"error: The sandbox is not in sync with the Podfile.lock. Run 'pod install' or update your CocoaPods installation.\" >&2\n    exit 1\nfi\n# This output is used by Xcode 'outputs' to avoid re-running this script phase.\necho \"SUCCESS\" > \"${SCRIPT_OUTPUT_FILE_0}\"\n";
			showEnvVarsInLog = 0;
		};
		6C755DE2EAECA026003B1A4B /* [CP] Embed Pods Frameworks */ = {
			isa = PBXShellScriptBuildPhase;
			buildActionMask = 2147483647;
			files = (
			);
			inputFileListPaths = (
				"${PODS_ROOT}/Target Support Files/Pods-ObviousTest/Pods-ObviousTest-frameworks-${CONFIGURATION}-input-files.xcfilelist",
			);
			name = "[CP] Embed Pods Frameworks";
			outputFileListPaths = (
				"${PODS_ROOT}/Target Support Files/Pods-ObviousTest/Pods-ObviousTest-frameworks-${CONFIGURATION}-output-files.xcfilelist",
			);
			runOnlyForDeploymentPostprocessing = 0;
			shellPath = /bin/sh;
			shellScript = "\"${PODS_ROOT}/Target Support Files/Pods-ObviousTest/Pods-ObviousTest-frameworks.sh\"\n";
			showEnvVarsInLog = 0;
		};
		E1A5869F78C628F77747F810 /* [CP] Embed Pods Frameworks */ = {
			isa = PBXShellScriptBuildPhase;
			buildActionMask = 2147483647;
			files = (
			);
			inputFileListPaths = (
				"${PODS_ROOT}/Target Support Files/Pods-ObviousTest-ObviousTestUITests/Pods-ObviousTest-ObviousTestUITests-frameworks-${CONFIGURATION}-input-files.xcfilelist",
			);
			name = "[CP] Embed Pods Frameworks";
			outputFileListPaths = (
				"${PODS_ROOT}/Target Support Files/Pods-ObviousTest-ObviousTestUITests/Pods-ObviousTest-ObviousTestUITests-frameworks-${CONFIGURATION}-output-files.xcfilelist",
			);
			runOnlyForDeploymentPostprocessing = 0;
			shellPath = /bin/sh;
			shellScript = "\"${PODS_ROOT}/Target Support Files/Pods-ObviousTest-ObviousTestUITests/Pods-ObviousTest-ObviousTestUITests-frameworks.sh\"\n";
			showEnvVarsInLog = 0;
		};
		F7AD9301920CC4503CF72A31 /* [CP] Check Pods Manifest.lock */ = {
			isa = PBXShellScriptBuildPhase;
			buildActionMask = 2147483647;
			files = (
			);
			inputFileListPaths = (
			);
			inputPaths = (
				"${PODS_PODFILE_DIR_PATH}/Podfile.lock",
				"${PODS_ROOT}/Manifest.lock",
			);
			name = "[CP] Check Pods Manifest.lock";
			outputFileListPaths = (
			);
			outputPaths = (
				"$(DERIVED_FILE_DIR)/Pods-ObviousTest-checkManifestLockResult.txt",
			);
			runOnlyForDeploymentPostprocessing = 0;
			shellPath = /bin/sh;
			shellScript = "diff \"${PODS_PODFILE_DIR_PATH}/Podfile.lock\" \"${PODS_ROOT}/Manifest.lock\" > /dev/null\nif [ $? != 0 ] ; then\n    # print error to STDERR\n    echo \"error: The sandbox is not in sync with the Podfile.lock. Run 'pod install' or update your CocoaPods installation.\" >&2\n    exit 1\nfi\n# This output is used by Xcode 'outputs' to avoid re-running this script phase.\necho \"SUCCESS\" > \"${SCRIPT_OUTPUT_FILE_0}\"\n";
			showEnvVarsInLog = 0;
		};
/* End PBXShellScriptBuildPhase section */

/* Begin PBXSourcesBuildPhase section */
		42A580852924F29600C5A317 /* Sources */ = {
			isa = PBXSourcesBuildPhase;
			buildActionMask = 2147483647;
			files = (
				42A580C22924FAC400C5A317 /* ImageGridCollectionViewCell.swift in Sources */,
				42A580C92924FE1100C5A317 /* AppConstants.swift in Sources */,
				42A580C62924FB6300C5A317 /* ReusableView.swift in Sources */,
				42A580912924F29600C5A317 /* ImageGridViewController.swift in Sources */,
				42A5808D2924F29600C5A317 /* AppDelegate.swift in Sources */,
				42A5808F2924F29600C5A317 /* SceneDelegate.swift in Sources */,
				42A580D7292500A200C5A317 /* ImageGridModels.swift in Sources */,
				42A580D42925008300C5A317 /* APIOperation.swift in Sources */,
				42A580D12925000900C5A317 /* ImageGridAPIRequest.swift in Sources */,
				42A580CF2924FFB300C5A317 /* APIRequest.swift in Sources */,
				42A580CB2924FF3A00C5A317 /* ImageGridViewModel.swift in Sources */,
				42A580D9292501B500C5A317 /* APIOperationSession.swift in Sources */,
			);
			runOnlyForDeploymentPostprocessing = 0;
		};
		42A5809B2924F29700C5A317 /* Sources */ = {
			isa = PBXSourcesBuildPhase;
			buildActionMask = 2147483647;
			files = (
				42A580A42924F29700C5A317 /* ObviousTestTests.swift in Sources */,
			);
			runOnlyForDeploymentPostprocessing = 0;
		};
		42A580A52924F29700C5A317 /* Sources */ = {
			isa = PBXSourcesBuildPhase;
			buildActionMask = 2147483647;
			files = (
				42A580B02924F29700C5A317 /* ObviousTestUITestsLaunchTests.swift in Sources */,
				42A580AE2924F29700C5A317 /* ObviousTestUITests.swift in Sources */,
			);
			runOnlyForDeploymentPostprocessing = 0;
		};
/* End PBXSourcesBuildPhase section */

/* Begin PBXTargetDependency section */
		42A580A12924F29700C5A317 /* PBXTargetDependency */ = {
			isa = PBXTargetDependency;
			target = 42A580882924F29600C5A317 /* ObviousTest */;
			targetProxy = 42A580A02924F29700C5A317 /* PBXContainerItemProxy */;
		};
		42A580AB2924F29700C5A317 /* PBXTargetDependency */ = {
			isa = PBXTargetDependency;
			target = 42A580882924F29600C5A317 /* ObviousTest */;
			targetProxy = 42A580AA2924F29700C5A317 /* PBXContainerItemProxy */;
		};
/* End PBXTargetDependency section */

/* Begin PBXVariantGroup section */
		42A580922924F29600C5A317 /* Main.storyboard */ = {
			isa = PBXVariantGroup;
			children = (
				42A580932924F29600C5A317 /* Base */,
			);
			name = Main.storyboard;
			sourceTree = "<group>";
		};
		42A580972924F29700C5A317 /* LaunchScreen.storyboard */ = {
			isa = PBXVariantGroup;
			children = (
				42A580982924F29700C5A317 /* Base */,
			);
			name = LaunchScreen.storyboard;
			sourceTree = "<group>";
		};
/* End PBXVariantGroup section */

/* Begin XCBuildConfiguration section */
		42A580B12924F29700C5A317 /* Debug */ = {
			isa = XCBuildConfiguration;
			buildSettings = {
				ALWAYS_SEARCH_USER_PATHS = NO;
				CLANG_ANALYZER_NONNULL = YES;
				CLANG_ANALYZER_NUMBER_OBJECT_CONVERSION = YES_AGGRESSIVE;
				CLANG_CXX_LANGUAGE_STANDARD = "gnu++20";
				CLANG_ENABLE_MODULES = YES;
				CLANG_ENABLE_OBJC_ARC = YES;
				CLANG_ENABLE_OBJC_WEAK = YES;
				CLANG_WARN_BLOCK_CAPTURE_AUTORELEASING = YES;
				CLANG_WARN_BOOL_CONVERSION = YES;
				CLANG_WARN_COMMA = YES;
				CLANG_WARN_CONSTANT_CONVERSION = YES;
				CLANG_WARN_DEPRECATED_OBJC_IMPLEMENTATIONS = YES;
				CLANG_WARN_DIRECT_OBJC_ISA_USAGE = YES_ERROR;
				CLANG_WARN_DOCUMENTATION_COMMENTS = YES;
				CLANG_WARN_EMPTY_BODY = YES;
				CLANG_WARN_ENUM_CONVERSION = YES;
				CLANG_WARN_INFINITE_RECURSION = YES;
				CLANG_WARN_INT_CONVERSION = YES;
				CLANG_WARN_NON_LITERAL_NULL_CONVERSION = YES;
				CLANG_WARN_OBJC_IMPLICIT_RETAIN_SELF = YES;
				CLANG_WARN_OBJC_LITERAL_CONVERSION = YES;
				CLANG_WARN_OBJC_ROOT_CLASS = YES_ERROR;
				CLANG_WARN_QUOTED_INCLUDE_IN_FRAMEWORK_HEADER = YES;
				CLANG_WARN_RANGE_LOOP_ANALYSIS = YES;
				CLANG_WARN_STRICT_PROTOTYPES = YES;
				CLANG_WARN_SUSPICIOUS_MOVE = YES;
				CLANG_WARN_UNGUARDED_AVAILABILITY = YES_AGGRESSIVE;
				CLANG_WARN_UNREACHABLE_CODE = YES;
				CLANG_WARN__DUPLICATE_METHOD_MATCH = YES;
				COPY_PHASE_STRIP = NO;
				DEBUG_INFORMATION_FORMAT = dwarf;
				ENABLE_STRICT_OBJC_MSGSEND = YES;
				ENABLE_TESTABILITY = YES;
				GCC_C_LANGUAGE_STANDARD = gnu11;
				GCC_DYNAMIC_NO_PIC = NO;
				GCC_NO_COMMON_BLOCKS = YES;
				GCC_OPTIMIZATION_LEVEL = 0;
				GCC_PREPROCESSOR_DEFINITIONS = (
					"DEBUG=1",
					"$(inherited)",
				);
				GCC_WARN_64_TO_32_BIT_CONVERSION = YES;
				GCC_WARN_ABOUT_RETURN_TYPE = YES_ERROR;
				GCC_WARN_UNDECLARED_SELECTOR = YES;
				GCC_WARN_UNINITIALIZED_AUTOS = YES_AGGRESSIVE;
				GCC_WARN_UNUSED_FUNCTION = YES;
				GCC_WARN_UNUSED_VARIABLE = YES;
				IPHONEOS_DEPLOYMENT_TARGET = 16.0;
				MTL_ENABLE_DEBUG_INFO = INCLUDE_SOURCE;
				MTL_FAST_MATH = YES;
				ONLY_ACTIVE_ARCH = YES;
				SDKROOT = iphoneos;
				SWIFT_ACTIVE_COMPILATION_CONDITIONS = DEBUG;
				SWIFT_OPTIMIZATION_LEVEL = "-Onone";
			};
			name = Debug;
		};
		42A580B22924F29700C5A317 /* Release */ = {
			isa = XCBuildConfiguration;
			buildSettings = {
				ALWAYS_SEARCH_USER_PATHS = NO;
				CLANG_ANALYZER_NONNULL = YES;
				CLANG_ANALYZER_NUMBER_OBJECT_CONVERSION = YES_AGGRESSIVE;
				CLANG_CXX_LANGUAGE_STANDARD = "gnu++20";
				CLANG_ENABLE_MODULES = YES;
				CLANG_ENABLE_OBJC_ARC = YES;
				CLANG_ENABLE_OBJC_WEAK = YES;
				CLANG_WARN_BLOCK_CAPTURE_AUTORELEASING = YES;
				CLANG_WARN_BOOL_CONVERSION = YES;
				CLANG_WARN_COMMA = YES;
				CLANG_WARN_CONSTANT_CONVERSION = YES;
				CLANG_WARN_DEPRECATED_OBJC_IMPLEMENTATIONS = YES;
				CLANG_WARN_DIRECT_OBJC_ISA_USAGE = YES_ERROR;
				CLANG_WARN_DOCUMENTATION_COMMENTS = YES;
				CLANG_WARN_EMPTY_BODY = YES;
				CLANG_WARN_ENUM_CONVERSION = YES;
				CLANG_WARN_INFINITE_RECURSION = YES;
				CLANG_WARN_INT_CONVERSION = YES;
				CLANG_WARN_NON_LITERAL_NULL_CONVERSION = YES;
				CLANG_WARN_OBJC_IMPLICIT_RETAIN_SELF = YES;
				CLANG_WARN_OBJC_LITERAL_CONVERSION = YES;
				CLANG_WARN_OBJC_ROOT_CLASS = YES_ERROR;
				CLANG_WARN_QUOTED_INCLUDE_IN_FRAMEWORK_HEADER = YES;
				CLANG_WARN_RANGE_LOOP_ANALYSIS = YES;
				CLANG_WARN_STRICT_PROTOTYPES = YES;
				CLANG_WARN_SUSPICIOUS_MOVE = YES;
				CLANG_WARN_UNGUARDED_AVAILABILITY = YES_AGGRESSIVE;
				CLANG_WARN_UNREACHABLE_CODE = YES;
				CLANG_WARN__DUPLICATE_METHOD_MATCH = YES;
				COPY_PHASE_STRIP = NO;
				DEBUG_INFORMATION_FORMAT = "dwarf-with-dsym";
				ENABLE_NS_ASSERTIONS = NO;
				ENABLE_STRICT_OBJC_MSGSEND = YES;
				GCC_C_LANGUAGE_STANDARD = gnu11;
				GCC_NO_COMMON_BLOCKS = YES;
				GCC_WARN_64_TO_32_BIT_CONVERSION = YES;
				GCC_WARN_ABOUT_RETURN_TYPE = YES_ERROR;
				GCC_WARN_UNDECLARED_SELECTOR = YES;
				GCC_WARN_UNINITIALIZED_AUTOS = YES_AGGRESSIVE;
				GCC_WARN_UNUSED_FUNCTION = YES;
				GCC_WARN_UNUSED_VARIABLE = YES;
				IPHONEOS_DEPLOYMENT_TARGET = 16.0;
				MTL_ENABLE_DEBUG_INFO = NO;
				MTL_FAST_MATH = YES;
				SDKROOT = iphoneos;
				SWIFT_COMPILATION_MODE = wholemodule;
				SWIFT_OPTIMIZATION_LEVEL = "-O";
				VALIDATE_PRODUCT = YES;
			};
			name = Release;
		};
		42A580B42924F29700C5A317 /* Debug */ = {
			isa = XCBuildConfiguration;
			baseConfigurationReference = D263B50D2A168DE61A5FE163 /* Pods-ObviousTest.debug.xcconfig */;
			buildSettings = {
				ASSETCATALOG_COMPILER_APPICON_NAME = AppIcon;
				ASSETCATALOG_COMPILER_GLOBAL_ACCENT_COLOR_NAME = AccentColor;
				CODE_SIGN_STYLE = Automatic;
				CURRENT_PROJECT_VERSION = 1;
				DEVELOPMENT_TEAM = 6U2BZWCTRC;
				GENERATE_INFOPLIST_FILE = YES;
				INFOPLIST_FILE = ObviousTest/Info.plist;
				INFOPLIST_KEY_UIApplicationSupportsIndirectInputEvents = YES;
				INFOPLIST_KEY_UILaunchStoryboardName = LaunchScreen;
				INFOPLIST_KEY_UIMainStoryboardFile = Main;
				INFOPLIST_KEY_UISupportedInterfaceOrientations_iPad = "UIInterfaceOrientationPortrait UIInterfaceOrientationPortraitUpsideDown UIInterfaceOrientationLandscapeLeft UIInterfaceOrientationLandscapeRight";
				INFOPLIST_KEY_UISupportedInterfaceOrientations_iPhone = "UIInterfaceOrientationPortrait UIInterfaceOrientationLandscapeLeft UIInterfaceOrientationLandscapeRight";
				LD_RUNPATH_SEARCH_PATHS = (
					"$(inherited)",
					"@executable_path/Frameworks",
				);
				MARKETING_VERSION = 1.0;
				PRODUCT_BUNDLE_IDENTIFIER = "com.kmohsin11.obvious-test.ObviousTest";
				PRODUCT_NAME = "$(TARGET_NAME)";
				SWIFT_EMIT_LOC_STRINGS = YES;
				SWIFT_VERSION = 5.0;
				TARGETED_DEVICE_FAMILY = "1,2";
			};
			name = Debug;
		};
		42A580B52924F29700C5A317 /* Release */ = {
			isa = XCBuildConfiguration;
			baseConfigurationReference = 424C41C00D2DD6441B8909B4 /* Pods-ObviousTest.release.xcconfig */;
			buildSettings = {
				ASSETCATALOG_COMPILER_APPICON_NAME = AppIcon;
				ASSETCATALOG_COMPILER_GLOBAL_ACCENT_COLOR_NAME = AccentColor;
				CODE_SIGN_STYLE = Automatic;
				CURRENT_PROJECT_VERSION = 1;
				DEVELOPMENT_TEAM = 6U2BZWCTRC;
				GENERATE_INFOPLIST_FILE = YES;
				INFOPLIST_FILE = ObviousTest/Info.plist;
				INFOPLIST_KEY_UIApplicationSupportsIndirectInputEvents = YES;
				INFOPLIST_KEY_UILaunchStoryboardName = LaunchScreen;
				INFOPLIST_KEY_UIMainStoryboardFile = Main;
				INFOPLIST_KEY_UISupportedInterfaceOrientations_iPad = "UIInterfaceOrientationPortrait UIInterfaceOrientationPortraitUpsideDown UIInterfaceOrientationLandscapeLeft UIInterfaceOrientationLandscapeRight";
				INFOPLIST_KEY_UISupportedInterfaceOrientations_iPhone = "UIInterfaceOrientationPortrait UIInterfaceOrientationLandscapeLeft UIInterfaceOrientationLandscapeRight";
				LD_RUNPATH_SEARCH_PATHS = (
					"$(inherited)",
					"@executable_path/Frameworks",
				);
				MARKETING_VERSION = 1.0;
				PRODUCT_BUNDLE_IDENTIFIER = "com.kmohsin11.obvious-test.ObviousTest";
				PRODUCT_NAME = "$(TARGET_NAME)";
				SWIFT_EMIT_LOC_STRINGS = YES;
				SWIFT_VERSION = 5.0;
				TARGETED_DEVICE_FAMILY = "1,2";
			};
			name = Release;
		};
		42A580B72924F29700C5A317 /* Debug */ = {
			isa = XCBuildConfiguration;
			baseConfigurationReference = 3C663FE4CF950AE0C53CFE51 /* Pods-ObviousTestTests.debug.xcconfig */;
			buildSettings = {
				ALWAYS_EMBED_SWIFT_STANDARD_LIBRARIES = YES;
				BUNDLE_LOADER = "$(TEST_HOST)";
				CODE_SIGN_STYLE = Automatic;
				CURRENT_PROJECT_VERSION = 1;
				DEVELOPMENT_TEAM = 6U2BZWCTRC;
				GENERATE_INFOPLIST_FILE = YES;
				IPHONEOS_DEPLOYMENT_TARGET = 16.0;
				MARKETING_VERSION = 1.0;
				PRODUCT_BUNDLE_IDENTIFIER = "com.kmohsin11.obvious-test.ObviousTestTests";
				PRODUCT_NAME = "$(TARGET_NAME)";
				SWIFT_EMIT_LOC_STRINGS = NO;
				SWIFT_VERSION = 5.0;
				TARGETED_DEVICE_FAMILY = "1,2";
				TEST_HOST = "$(BUILT_PRODUCTS_DIR)/ObviousTest.app/$(BUNDLE_EXECUTABLE_FOLDER_PATH)/ObviousTest";
			};
			name = Debug;
		};
		42A580B82924F29700C5A317 /* Release */ = {
			isa = XCBuildConfiguration;
			baseConfigurationReference = 33AC8BB0B5715A3D441C82CD /* Pods-ObviousTestTests.release.xcconfig */;
			buildSettings = {
				ALWAYS_EMBED_SWIFT_STANDARD_LIBRARIES = YES;
				BUNDLE_LOADER = "$(TEST_HOST)";
				CODE_SIGN_STYLE = Automatic;
				CURRENT_PROJECT_VERSION = 1;
				DEVELOPMENT_TEAM = 6U2BZWCTRC;
				GENERATE_INFOPLIST_FILE = YES;
				IPHONEOS_DEPLOYMENT_TARGET = 16.0;
				MARKETING_VERSION = 1.0;
				PRODUCT_BUNDLE_IDENTIFIER = "com.kmohsin11.obvious-test.ObviousTestTests";
				PRODUCT_NAME = "$(TARGET_NAME)";
				SWIFT_EMIT_LOC_STRINGS = NO;
				SWIFT_VERSION = 5.0;
				TARGETED_DEVICE_FAMILY = "1,2";
				TEST_HOST = "$(BUILT_PRODUCTS_DIR)/ObviousTest.app/$(BUNDLE_EXECUTABLE_FOLDER_PATH)/ObviousTest";
			};
			name = Release;
		};
		42A580BA2924F29700C5A317 /* Debug */ = {
			isa = XCBuildConfiguration;
			baseConfigurationReference = 083AF6B9A948D0BCDA487151 /* Pods-ObviousTest-ObviousTestUITests.debug.xcconfig */;
			buildSettings = {
				ALWAYS_EMBED_SWIFT_STANDARD_LIBRARIES = YES;
				CODE_SIGN_STYLE = Automatic;
				CURRENT_PROJECT_VERSION = 1;
				DEVELOPMENT_TEAM = 6U2BZWCTRC;
				GENERATE_INFOPLIST_FILE = YES;
				MARKETING_VERSION = 1.0;
				PRODUCT_BUNDLE_IDENTIFIER = "com.kmohsin11.obvious-test.ObviousTestUITests";
				PRODUCT_NAME = "$(TARGET_NAME)";
				SWIFT_EMIT_LOC_STRINGS = NO;
				SWIFT_VERSION = 5.0;
				TARGETED_DEVICE_FAMILY = "1,2";
				TEST_TARGET_NAME = ObviousTest;
			};
			name = Debug;
		};
		42A580BB2924F29700C5A317 /* Release */ = {
			isa = XCBuildConfiguration;
			baseConfigurationReference = 0891DB0E40C34B77CF96CA83 /* Pods-ObviousTest-ObviousTestUITests.release.xcconfig */;
			buildSettings = {
				ALWAYS_EMBED_SWIFT_STANDARD_LIBRARIES = YES;
				CODE_SIGN_STYLE = Automatic;
				CURRENT_PROJECT_VERSION = 1;
				DEVELOPMENT_TEAM = 6U2BZWCTRC;
				GENERATE_INFOPLIST_FILE = YES;
				MARKETING_VERSION = 1.0;
				PRODUCT_BUNDLE_IDENTIFIER = "com.kmohsin11.obvious-test.ObviousTestUITests";
				PRODUCT_NAME = "$(TARGET_NAME)";
				SWIFT_EMIT_LOC_STRINGS = NO;
				SWIFT_VERSION = 5.0;
				TARGETED_DEVICE_FAMILY = "1,2";
				TEST_TARGET_NAME = ObviousTest;
			};
			name = Release;
		};
/* End XCBuildConfiguration section */

/* Begin XCConfigurationList section */
		42A580842924F29500C5A317 /* Build configuration list for PBXProject "ObviousTest" */ = {
			isa = XCConfigurationList;
			buildConfigurations = (
				42A580B12924F29700C5A317 /* Debug */,
				42A580B22924F29700C5A317 /* Release */,
			);
			defaultConfigurationIsVisible = 0;
			defaultConfigurationName = Release;
		};
		42A580B32924F29700C5A317 /* Build configuration list for PBXNativeTarget "ObviousTest" */ = {
			isa = XCConfigurationList;
			buildConfigurations = (
				42A580B42924F29700C5A317 /* Debug */,
				42A580B52924F29700C5A317 /* Release */,
			);
			defaultConfigurationIsVisible = 0;
			defaultConfigurationName = Release;
		};
		42A580B62924F29700C5A317 /* Build configuration list for PBXNativeTarget "ObviousTestTests" */ = {
			isa = XCConfigurationList;
			buildConfigurations = (
				42A580B72924F29700C5A317 /* Debug */,
				42A580B82924F29700C5A317 /* Release */,
			);
			defaultConfigurationIsVisible = 0;
			defaultConfigurationName = Release;
		};
		42A580B92924F29700C5A317 /* Build configuration list for PBXNativeTarget "ObviousTestUITests" */ = {
			isa = XCConfigurationList;
			buildConfigurations = (
				42A580BA2924F29700C5A317 /* Debug */,
				42A580BB2924F29700C5A317 /* Release */,
			);
			defaultConfigurationIsVisible = 0;
			defaultConfigurationName = Release;
		};
/* End XCConfigurationList section */
	};
	rootObject = 42A580812924F29500C5A317 /* Project object */;
}
